{
  "requires": true,
  "lockfileVersion": 1,
  "dependencies": {
    "mlt": {
      "version": "1.1.0",
      "resolved": "https://registry.npmjs.org/mlt/-/mlt-1.1.0.tgz",
      "integrity": "sha1-P+QQC8WU2irLYJGblC+BYU4MfP8=",
      "requires": {
        "node-uuid": "1.3.x",
        "underscore": "1.3.x",
        "xmlbuilder": "0.3.x"
      }
    },
    "node-uuid": {
      "version": "1.3.3",
      "resolved": "https://registry.npmjs.org/node-uuid/-/node-uuid-1.3.3.tgz",
      "integrity": "sha1-09tNe1aBDZ5AMjQnZigq8HORcps="
    },
    "sax": {
      "version": "1.2.4",
      "resolved": "https://registry.npmjs.org/sax/-/sax-1.2.4.tgz",
      "integrity": "sha512-NqVDv9TpANUjFm0N8uM5GxL36UgKi9/atZw+x7YFnQ8ckwFGKrl4xX4yWtrey3UJm5nP1kUbnYgLopqWNSRhWw=="
    },
    "underscore": {
      "version": "1.3.3",
      "resolved": "https://registry.npmjs.org/underscore/-/underscore-1.3.3.tgz",
      "integrity": "sha1-R6xTaD2vgyv6lS4XdEF9pHgXrkI="
    },
    "xmlbuilder": {
      "version": "0.3.11",
      "resolved": "https://registry.npmjs.org/xmlbuilder/-/xmlbuilder-0.3.11.tgz",
      "integrity": "sha1-w6gaogArKFvH/cGJCR0HhpuqyZE="
    }
  }
}
